// !$*UTF8*$!
{
	archiveVersion = 1;
	classes = {
	};
	objectVersion = 46;
	objects = {

/* Begin PBXBuildFile section */
		CCB8C5B01AF00E4400556FBF /* main.cpp in Sources */ = {isa = PBXBuildFile; fileRef = CCB8C5AF1AF00E4400556FBF /* main.cpp */; };
/* End PBXBuildFile section */

/* Begin PBXCopyFilesBuildPhase section */
		CCB8C5AA1AF00E4400556FBF /* CopyFiles */ = {
			isa = PBXCopyFilesBuildPhase;
			buildActionMask = 2147483647;
			dstPath = /usr/share/man/man1/;
			dstSubfolderSpec = 0;
			files = (
			);
			runOnlyForDeploymentPostprocessing = 1;
		};
/* End PBXCopyFilesBuildPhase section */

/* Begin PBXFileReference section */
		CCB8C5AC1AF00E4400556FBF /* Project-3 */ = {isa = PBXFileReference; explicitFileType = "compiled.mach-o.executable"; includeInIndex = 0; path = "Project-3"; sourceTree = BUILT_PRODUCTS_DIR; };
		CCB8C5AF1AF00E4400556FBF /* main.cpp */ = {isa = PBXFileReference; lastKnownFileType = sourcecode.cpp.cpp; path = main.cpp; sourceTree = "<group>"; };
		CCB8C5B61AF00E7E00556FBF /* Vector.h */ = {isa = PBXFileReference; lastKnownFileType = sourcecode.c.h; path = Vector.h; sourceTree = "<group>"; };
		CCB8C5B71AF00E8700556FBF /* ArrayClass.h */ = {isa = PBXFileReference; lastKnownFileType = sourcecode.c.h; path = ArrayClass.h; sourceTree = "<group>"; };
/* End PBXFileReference section */

/* Begin PBXFrameworksBuildPhase section */
		CCB8C5A91AF00E4400556FBF /* Frameworks */ = {
			isa = PBXFrameworksBuildPhase;
			buildActionMask = 2147483647;
			files = (
			);
			runOnlyForDeploymentPostprocessing = 0;
		};
/* End PBXFrameworksBuildPhase section */

/* Begin PBXGroup section */
		CCB8C5A31AF00E4400556FBF = {
			isa = PBXGroup;
			children = (
				CCB8C5AE1AF00E4400556FBF /* Project-3 */,
				CCB8C5AD1AF00E4400556FBF /* Products */,
			);
			sourceTree = "<group>";
		};
		CCB8C5AD1AF00E4400556FBF /* Products */ = {
			isa = PBXGroup;
			children = (
				CCB8C5AC1AF00E4400556FBF /* Project-3 */,
			);
			name = Products;
			sourceTree = "<group>";
		};
		CCB8C5AE1AF00E4400556FBF /* Project-3 */ = {
			isa = PBXGroup;
			children = (
				CCB8C5AF1AF00E4400556FBF /* main.cpp */,
				CCB8C5B71AF00E8700556FBF /* ArrayClass.h */,
				CCB8C5B61AF00E7E00556FBF /* Vector.h */,
			);
			path = "Project-3";
			sourceTree = "<group>";
		};
/* End PBXGroup section */

/* Begin PBXNativeTarget section */
		CCB8C5AB1AF00E4400556FBF /* Project-3 */ = {
			isa = PBXNativeTarget;
			buildConfigurationList = CCB8C5B31AF00E4400556FBF /* Build configuration list for PBXNativeTarget "Project-3" */;
			buildPhases = (
				CCB8C5A81AF00E4400556FBF /* Sources */,
				CCB8C5A91AF00E4400556FBF /* Frameworks */,
				CCB8C5AA1AF00E4400556FBF /* CopyFiles */,
			);
			buildRules = (
			);
			dependencies = (
			);
			name = "Project-3";
			productName = "Project-3";
			productReference = CCB8C5AC1AF00E4400556FBF /* Project-3 */;
			productType = "com.apple.product-type.tool";
		};
/* End PBXNativeTarget section */

/* Begin PBXProject section */
		CCB8C5A41AF00E4400556FBF /* Project object */ = {
			isa = PBXProject;
			attributes = {
				LastUpgradeCheck = 0630;
				ORGANIZATIONNAME = "Data Structures";
				TargetAttributes = {
					CCB8C5AB1AF00E4400556FBF = {
						CreatedOnToolsVersion = 6.3;
					};
				};
			};
			buildConfigurationList = CCB8C5A71AF00E4400556FBF /* Build configuration list for PBXProject "Project-3" */;
			compatibilityVersion = "Xcode 3.2";
			developmentRegion = English;
			hasScannedForEncodings = 0;
			knownRegions = (
				en,
			);
			mainGroup = CCB8C5A31AF00E4400556FBF;
			productRefGroup = CCB8C5AD1AF00E4400556FBF /* Products */;
			projectDirPath = "";
			projectRoot = "";
			targets = (
				CCB8C5AB1AF00E4400556FBF /* Project-3 */,
			);
		};
/* End PBXProject section */

/* Begin PBXSourcesBuildPhase section */
		CCB8C5A81AF00E4400556FBF /* Sources */ = {
			isa = PBXSourcesBuildPhase;
			buildActionMask = 2147483647;
			files = (
				CCB8C5B01AF00E4400556FBF /* main.cpp in Sources */,
			);
			runOnlyForDeploymentPostprocessing = 0;
		};
/* End PBXSourcesBuildPhase section */

/* Begin XCBuildConfiguration section */
		CCB8C5B11AF00E4400556FBF /* Debug */ = {
			isa = XCBuildConfiguration;
			buildSettings = {
				ALWAYS_SEARCH_USER_PATHS = NO;
				CLANG_CXX_LANGUAGE_STANDARD = "gnu++0x";
				CLANG_CXX_LIBRARY = "libc++";
				CLANG_ENABLE_MODULES = YES;
				CLANG_ENABLE_OBJC_ARC = YES;
				CLANG_WARN_BOOL_CONVERSION = YES;
				CLANG_WARN_CONSTANT_CONVERSION = YES;
				CLANG_WARN_DIRECT_OBJC_ISA_USAGE = YES_ERROR;
				CLANG_WARN_EMPTY_BODY = YES;
				CLANG_WARN_ENUM_CONVERSION = YES;
				CLANG_WARN_INT_CONVERSION = YES;
				CLANG_WARN_OBJC_ROOT_CLASS = YES_ERROR;
				CLANG_WARN_UNREACHABLE_CODE = YES;
				CLANG_WARN__DUPLICATE_METHOD_MATCH = YES;
				COPY_PHASE_STRIP = NO;
				DEBUG_INFORMATION_FORMAT = dwarf;
				ENABLE_STRICT_OBJC_MSGSEND = YES;
				GCC_C_LANGUAGE_STANDARD = gnu99;
				GCC_DYNAMIC_NO_PIC = NO;
				GCC_NO_COMMON_BLOCKS = YES;
				GCC_OPTIMIZATION_LEVEL = 0;
				GCC_PREPROCESSOR_DEFINITIONS = (
					"DEBUG=1",
					"$(inherited)",
				);
				GCC_SYMBOLS_PRIVATE_EXTERN = NO;
				GCC_WARN_64_TO_32_BIT_CONVERSION = YES;
				GCC_WARN_ABOUT_RETURN_TYPE = YES_ERROR;
				GCC_WARN_UNDECLARED_SELECTOR = YES;
				GCC_WARN_UNINITIALIZED_AUTOS = YES_AGGRESSIVE;
				GCC_WARN_UNUSED_FUNCTION = YES;
				GCC_WARN_UNUSED_VARIABLE = YES;
				MACOSX_DEPLOYMENT_TARGET = 10.10;
				MTL_ENABLE_DEBUG_INFO = YES;
				ONLY_ACTIVE_ARCH = YES;
				SDKROOT = macosx;
			};
			name = Debug;
		};
		CCB8C5B21AF00E4400556FBF /* Release */ = {
			isa = XCBuildConfiguration;
			buildSettings = {
				ALWAYS_SEARCH_USER_PATHS = NO;
				CLANG_CXX_LANGUAGE_STANDARD = "gnu++0x";
				CLANG_CXX_LIBRARY = "libc++";
				CLANG_ENABLE_MODULES = YES;
				CLANG_ENABLE_OBJC_ARC = YES;
				CLANG_WARN_BOOL_CONVERSION = YES;
				CLANG_WARN_CONSTANT_CONVERSION = YES;
				CLANG_WARN_DIRECT_OBJC_ISA_USAGE = YES_ERROR;
				CLANG_WARN_EMPTY_BODY = YES;
				CLANG_WARN_ENUM_CONVERSION = YES;
				CLANG_WARN_INT_CONVERSION = YES;
				CLANG_WARN_OBJC_ROOT_CLASS = YES_ERROR;
				CLANG_WARN_UNREACHABLE_CODE = YES;
				CLANG_WARN__DUPLICATE_METHOD_MATCH = YES;
				COPY_PHASE_STRIP = NO;
				DEBUG_INFORMATION_FORMAT = "dwarf-with-dsym";
				ENABLE_NS_ASSERTIONS = NO;
				ENABLE_STRICT_OBJC_MSGSEND = YES;
				GCC_C_LANGUAGE_STANDARD = gnu99;
				GCC_NO_COMMON_BLOCKS = YES;
				GCC_WARN_64_TO_32_BIT_CONVERSION = YES;
				GCC_WARN_ABOUT_RETURN_TYPE = YES_ERROR;
				GCC_WARN_UNDECLARED_SELECTOR = YES;
				GCC_WARN_UNINITIALIZED_AUTOS = YES_AGGRESSIVE;
				GCC_WARN_UNUSED_FUNCTION = YES;
				GCC_WARN_UNUSED_VARIABLE = YES;
				MACOSX_DEPLOYMENT_TARGET = 10.10;
				MTL_ENABLE_DEBUG_INFO = NO;
				SDKROOT = macosx;
			};
			name = Release;
		};
		CCB8C5B41AF00E4400556FBF /* Debug */ = {
			isa = XCBuildConfiguration;
			buildSettings = {
				PRODUCT_NAME = "$(TARGET_NAME)";
			};
			name = Debug;
		};
		CCB8C5B51AF00E4400556FBF /* Release */ = {
			isa = XCBuildConfiguration;
			buildSettings = {
				PRODUCT_NAME = "$(TARGET_NAME)";
			};
			name = Release;
		};
/* End XCBuildConfiguration section */

/* Begin XCConfigurationList section */
		CCB8C5A71AF00E4400556FBF /* Build configuration list for PBXProject "Project-3" */ = {
			isa = XCConfigurationList;
			buildConfigurations = (
				CCB8C5B11AF00E4400556FBF /* Debug */,
				CCB8C5B21AF00E4400556FBF /* Release */,
			);
			defaultConfigurationIsVisible = 0;
			defaultConfigurationName = Release;
		};
		CCB8C5B31AF00E4400556FBF /* Build configuration list for PBXNativeTarget "Project-3" */ = {
			isa = XCConfigurationList;
			buildConfigurations = (
				CCB8C5B41AF00E4400556FBF /* Debug */,
				CCB8C5B51AF00E4400556FBF /* Release */,
			);
			defaultConfigurationIsVisible = 0;
		};
/* End XCConfigurationList section */
	};
	rootObject = CCB8C5A41AF00E4400556FBF /* Project object */;
}
